
Microsoft Visual Studio Solution File, Format Version 12.00
# Visual Studio Version 17
VisualStudioVersion = 17.14.36705.20 d17.14
MinimumVisualStudioVersion = 10.0.40219.1
Project("{FAE04EC0-301F-11D3-BF4B-00C04F79EFBC}") = "ConsoleAppHomework09", "ConsoleApp9\ConsoleAppHomework09.csproj", "{D859C2FD-510E-4E3B-B0B6-11DAA7EC28A8}"
EndProject
Project("{FAE04EC0-301F-11D3-BF4B-00C04F79EFBC}") = "WebApplication1", "WebApplication1\WebApplication1.csproj", "{D35F9B4B-8566-47FB-9890-D9E71CFBAAD0}"
EndProject
Global
	GlobalSection(SolutionConfigurationPlatforms) = preSolution
		Debug|Any CPU = Debug|Any CPU
		Release|Any CPU = Release|Any CPU
	EndGlobalSection
	GlobalSection(ProjectConfigurationPlatforms) = postSolution
		{D859C2FD-510E-4E3B-B0B6-11DAA7EC28A8}.Debug|Any CPU.ActiveCfg = Debug|Any CPU
		{D859C2FD-510E-4E3B-B0B6-11DAA7EC28A8}.Debug|Any CPU.Build.0 = Debug|Any CPU
		{D859C2FD-510E-4E3B-B0B6-11DAA7EC28A8}.Release|Any CPU.ActiveCfg = Release|Any CPU
		{D859C2FD-510E-4E3B-B0B6-11DAA7EC28A8}.Release|Any CPU.Build.0 = Release|Any CPU
		{D35F9B4B-8566-47FB-9890-D9E71CFBAAD0}.Debug|Any CPU.ActiveCfg = Debug|Any CPU
		{D35F9B4B-8566-47FB-9890-D9E71CFBAAD0}.Debug|Any CPU.Build.0 = Debug|Any CPU
		{D35F9B4B-8566-47FB-9890-D9E71CFBAAD0}.Release|Any CPU.ActiveCfg = Release|Any CPU
		{D35F9B4B-8566-47FB-9890-D9E71CFBAAD0}.Release|Any CPU.Build.0 = Release|Any CPU
	EndGlobalSection
	GlobalSection(SolutionProperties) = preSolution
		HideSolutionNode = FALSE
	EndGlobalSection
	GlobalSection(ExtensibilityGlobals) = postSolution
		SolutionGuid = {713A7C17-74B2-401C-B944-54FC1D18550D}
	EndGlobalSection
EndGlobal
